
Microsoft Visual Studio Solution File, Format Version 12.00
# Visual Studio 15
Project("{FAE04EC0-301F-11D3-BF4B-00C04F79EFBC}") = "WebRTC", "WebRTC\WebRTC.csproj", "{0C591CC1-F9DB-4FE4-963C-3FFE4F79785B}"
EndProject
Project("{FAE04EC0-301F-11D3-BF4B-00C04F79EFBC}") = "WebRTC.Android", "WebRTC.Android\WebRTC.Android.csproj", "{315A544B-BA4A-40E1-AD49-37EA261987FE}"
EndProject
Project("{FAE04EC0-301F-11D3-BF4B-00C04F79EFBC}") = "WebRTC.iOS", "WebRTC.iOS\WebRTC.iOS.csproj", "{D218ABE5-9D81-4B73-8F95-2245BAB56534}"
EndProject
Project("{FAE04EC0-301F-11D3-BF4B-00C04F79EFBC}") = "WebRTC.Servers", "WebRTC.Servers\WebRTC.Servers.csproj", "{5B275740-4FED-4401-9627-FDD04E16F3E6}"
EndProject
Project("{FAE04EC0-301F-11D3-BF4B-00C04F79EFBC}") = "WebRTC.XFormsApp.Android", "WebRTC.XFormsApp.Android\WebRTC.XFormsApp.Android.csproj", "{CA0A03CE-C500-4FC8-AE76-FAD1550C1E57}"
EndProject
Project("{FAE04EC0-301F-11D3-BF4B-00C04F79EFBC}") = "WebRTC.XFormsApp.iOS", "WebRTC.XFormsApp.iOS\WebRTC.XFormsApp.iOS.csproj", "{D7F9F86B-E4D4-4177-BFAD-41D982278FDA}"
EndProject
Project("{FAE04EC0-301F-11D3-BF4B-00C04F79EFBC}") = "WebRTC.XFormsApp", "WebRTC.XFormsApp\WebRTC.XFormsApp.csproj", "{9E32823A-5ABC-4338-9CC4-42E496AAA0BB}"
EndProject
Global
	GlobalSection(SolutionConfigurationPlatforms) = preSolution
		Debug|Any CPU = Debug|Any CPU
		Release|Any CPU = Release|Any CPU
		Debug|iPhoneSimulator = Debug|iPhoneSimulator
		Release|iPhoneSimulator = Release|iPhoneSimulator
		Debug|iPhone = Debug|iPhone
		Release|iPhone = Release|iPhone
	EndGlobalSection
	GlobalSection(ProjectConfigurationPlatforms) = postSolution
		{0C591CC1-F9DB-4FE4-963C-3FFE4F79785B}.Debug|Any CPU.ActiveCfg = Debug|Any CPU
		{0C591CC1-F9DB-4FE4-963C-3FFE4F79785B}.Debug|Any CPU.Build.0 = Debug|Any CPU
		{0C591CC1-F9DB-4FE4-963C-3FFE4F79785B}.Release|Any CPU.ActiveCfg = Release|Any CPU
		{0C591CC1-F9DB-4FE4-963C-3FFE4F79785B}.Release|Any CPU.Build.0 = Release|Any CPU
		{0C591CC1-F9DB-4FE4-963C-3FFE4F79785B}.Debug|iPhoneSimulator.ActiveCfg = Debug|Any CPU
		{0C591CC1-F9DB-4FE4-963C-3FFE4F79785B}.Debug|iPhoneSimulator.Build.0 = Debug|Any CPU
		{0C591CC1-F9DB-4FE4-963C-3FFE4F79785B}.Release|iPhoneSimulator.ActiveCfg = Release|Any CPU
		{0C591CC1-F9DB-4FE4-963C-3FFE4F79785B}.Release|iPhoneSimulator.Build.0 = Release|Any CPU
		{0C591CC1-F9DB-4FE4-963C-3FFE4F79785B}.Debug|iPhone.ActiveCfg = Debug|Any CPU
		{0C591CC1-F9DB-4FE4-963C-3FFE4F79785B}.Debug|iPhone.Build.0 = Debug|Any CPU
		{0C591CC1-F9DB-4FE4-963C-3FFE4F79785B}.Release|iPhone.ActiveCfg = Release|Any CPU
		{0C591CC1-F9DB-4FE4-963C-3FFE4F79785B}.Release|iPhone.Build.0 = Release|Any CPU
		{315A544B-BA4A-40E1-AD49-37EA261987FE}.Debug|Any CPU.ActiveCfg = Debug|Any CPU
		{315A544B-BA4A-40E1-AD49-37EA261987FE}.Debug|Any CPU.Build.0 = Debug|Any CPU
		{315A544B-BA4A-40E1-AD49-37EA261987FE}.Release|Any CPU.ActiveCfg = Release|Any CPU
		{315A544B-BA4A-40E1-AD49-37EA261987FE}.Release|Any CPU.Build.0 = Release|Any CPU
		{315A544B-BA4A-40E1-AD49-37EA261987FE}.Debug|iPhoneSimulator.ActiveCfg = Debug|Any CPU
		{315A544B-BA4A-40E1-AD49-37EA261987FE}.Debug|iPhoneSimulator.Build.0 = Debug|Any CPU
		{315A544B-BA4A-40E1-AD49-37EA261987FE}.Release|iPhoneSimulator.ActiveCfg = Release|Any CPU
		{315A544B-BA4A-40E1-AD49-37EA261987FE}.Release|iPhoneSimulator.Build.0 = Release|Any CPU
		{315A544B-BA4A-40E1-AD49-37EA261987FE}.Debug|iPhone.ActiveCfg = Debug|Any CPU
		{315A544B-BA4A-40E1-AD49-37EA261987FE}.Debug|iPhone.Build.0 = Debug|Any CPU
		{315A544B-BA4A-40E1-AD49-37EA261987FE}.Release|iPhone.ActiveCfg = Release|Any CPU
		{315A544B-BA4A-40E1-AD49-37EA261987FE}.Release|iPhone.Build.0 = Release|Any CPU
		{D218ABE5-9D81-4B73-8F95-2245BAB56534}.Debug|Any CPU.ActiveCfg = Debug|Any CPU
		{D218ABE5-9D81-4B73-8F95-2245BAB56534}.Debug|Any CPU.Build.0 = Debug|Any CPU
		{D218ABE5-9D81-4B73-8F95-2245BAB56534}.Release|Any CPU.ActiveCfg = Release|Any CPU
		{D218ABE5-9D81-4B73-8F95-2245BAB56534}.Release|Any CPU.Build.0 = Release|Any CPU
		{D218ABE5-9D81-4B73-8F95-2245BAB56534}.Debug|iPhoneSimulator.ActiveCfg = Debug|Any CPU
		{D218ABE5-9D81-4B73-8F95-2245BAB56534}.Debug|iPhoneSimulator.Build.0 = Debug|Any CPU
		{D218ABE5-9D81-4B73-8F95-2245BAB56534}.Release|iPhoneSimulator.ActiveCfg = Release|Any CPU
		{D218ABE5-9D81-4B73-8F95-2245BAB56534}.Release|iPhoneSimulator.Build.0 = Release|Any CPU
		{D218ABE5-9D81-4B73-8F95-2245BAB56534}.Debug|iPhone.ActiveCfg = Debug|Any CPU
		{D218ABE5-9D81-4B73-8F95-2245BAB56534}.Debug|iPhone.Build.0 = Debug|Any CPU
		{D218ABE5-9D81-4B73-8F95-2245BAB56534}.Release|iPhone.ActiveCfg = Release|Any CPU
		{D218ABE5-9D81-4B73-8F95-2245BAB56534}.Release|iPhone.Build.0 = Release|Any CPU
		{5B275740-4FED-4401-9627-FDD04E16F3E6}.Debug|Any CPU.ActiveCfg = Debug|Any CPU
		{5B275740-4FED-4401-9627-FDD04E16F3E6}.Debug|Any CPU.Build.0 = Debug|Any CPU
		{5B275740-4FED-4401-9627-FDD04E16F3E6}.Release|Any CPU.ActiveCfg = Release|Any CPU
		{5B275740-4FED-4401-9627-FDD04E16F3E6}.Release|Any CPU.Build.0 = Release|Any CPU
		{5B275740-4FED-4401-9627-FDD04E16F3E6}.Debug|iPhoneSimulator.ActiveCfg = Debug|Any CPU
		{5B275740-4FED-4401-9627-FDD04E16F3E6}.Debug|iPhoneSimulator.Build.0 = Debug|Any CPU
		{5B275740-4FED-4401-9627-FDD04E16F3E6}.Release|iPhoneSimulator.ActiveCfg = Release|Any CPU
		{5B275740-4FED-4401-9627-FDD04E16F3E6}.Release|iPhoneSimulator.Build.0 = Release|Any CPU
		{5B275740-4FED-4401-9627-FDD04E16F3E6}.Debug|iPhone.ActiveCfg = Debug|Any CPU
		{5B275740-4FED-4401-9627-FDD04E16F3E6}.Debug|iPhone.Build.0 = Debug|Any CPU
		{5B275740-4FED-4401-9627-FDD04E16F3E6}.Release|iPhone.ActiveCfg = Release|Any CPU
		{5B275740-4FED-4401-9627-FDD04E16F3E6}.Release|iPhone.Build.0 = Release|Any CPU
		{CA0A03CE-C500-4FC8-AE76-FAD1550C1E57}.Debug|Any CPU.ActiveCfg = Debug|Any CPU
		{CA0A03CE-C500-4FC8-AE76-FAD1550C1E57}.Debug|Any CPU.Build.0 = Debug|Any CPU
		{CA0A03CE-C500-4FC8-AE76-FAD1550C1E57}.Release|Any CPU.ActiveCfg = Release|Any CPU
		{CA0A03CE-C500-4FC8-AE76-FAD1550C1E57}.Release|Any CPU.Build.0 = Release|Any CPU
		{CA0A03CE-C500-4FC8-AE76-FAD1550C1E57}.Debug|iPhoneSimulator.ActiveCfg = Debug|Any CPU
		{CA0A03CE-C500-4FC8-AE76-FAD1550C1E57}.Debug|iPhoneSimulator.Build.0 = Debug|Any CPU
		{CA0A03CE-C500-4FC8-AE76-FAD1550C1E57}.Release|iPhoneSimulator.ActiveCfg = Release|Any CPU
		{CA0A03CE-C500-4FC8-AE76-FAD1550C1E57}.Release|iPhoneSimulator.Build.0 = Release|Any CPU
		{CA0A03CE-C500-4FC8-AE76-FAD1550C1E57}.Debug|iPhone.ActiveCfg = Debug|Any CPU
		{CA0A03CE-C500-4FC8-AE76-FAD1550C1E57}.Debug|iPhone.Build.0 = Debug|Any CPU
		{CA0A03CE-C500-4FC8-AE76-FAD1550C1E57}.Release|iPhone.ActiveCfg = Release|Any CPU
		{CA0A03CE-C500-4FC8-AE76-FAD1550C1E57}.Release|iPhone.Build.0 = Release|Any CPU
		{D7F9F86B-E4D4-4177-BFAD-41D982278FDA}.Debug|Any CPU.ActiveCfg = Debug|iPhoneSimulator
		{D7F9F86B-E4D4-4177-BFAD-41D982278FDA}.Debug|Any CPU.Build.0 = Debug|iPhoneSimulator
		{D7F9F86B-E4D4-4177-BFAD-41D982278FDA}.Release|Any CPU.ActiveCfg = Release|iPhoneSimulator
		{D7F9F86B-E4D4-4177-BFAD-41D982278FDA}.Release|Any CPU.Build.0 = Release|iPhoneSimulator
		{D7F9F86B-E4D4-4177-BFAD-41D982278FDA}.Debug|iPhoneSimulator.ActiveCfg = Debug|iPhoneSimulator
		{D7F9F86B-E4D4-4177-BFAD-41D982278FDA}.Debug|iPhoneSimulator.Build.0 = Debug|iPhoneSimulator
		{D7F9F86B-E4D4-4177-BFAD-41D982278FDA}.Release|iPhoneSimulator.ActiveCfg = Release|iPhoneSimulator
		{D7F9F86B-E4D4-4177-BFAD-41D982278FDA}.Release|iPhoneSimulator.Build.0 = Release|iPhoneSimulator
		{D7F9F86B-E4D4-4177-BFAD-41D982278FDA}.Debug|iPhone.ActiveCfg = Debug|iPhone
		{D7F9F86B-E4D4-4177-BFAD-41D982278FDA}.Debug|iPhone.Build.0 = Debug|iPhone
		{D7F9F86B-E4D4-4177-BFAD-41D982278FDA}.Release|iPhone.ActiveCfg = Release|iPhone
		{D7F9F86B-E4D4-4177-BFAD-41D982278FDA}.Release|iPhone.Build.0 = Release|iPhone
		{9E32823A-5ABC-4338-9CC4-42E496AAA0BB}.Debug|Any CPU.ActiveCfg = Debug|Any CPU
		{9E32823A-5ABC-4338-9CC4-42E496AAA0BB}.Debug|Any CPU.Build.0 = Debug|Any CPU
		{9E32823A-5ABC-4338-9CC4-42E496AAA0BB}.Release|Any CPU.ActiveCfg = Release|Any CPU
		{9E32823A-5ABC-4338-9CC4-42E496AAA0BB}.Release|Any CPU.Build.0 = Release|Any CPU
		{9E32823A-5ABC-4338-9CC4-42E496AAA0BB}.Debug|iPhoneSimulator.ActiveCfg = Debug|Any CPU
		{9E32823A-5ABC-4338-9CC4-42E496AAA0BB}.Debug|iPhoneSimulator.Build.0 = Debug|Any CPU
		{9E32823A-5ABC-4338-9CC4-42E496AAA0BB}.Release|iPhoneSimulator.ActiveCfg = Release|Any CPU
		{9E32823A-5ABC-4338-9CC4-42E496AAA0BB}.Release|iPhoneSimulator.Build.0 = Release|Any CPU
		{9E32823A-5ABC-4338-9CC4-42E496AAA0BB}.Debug|iPhone.ActiveCfg = Debug|Any CPU
		{9E32823A-5ABC-4338-9CC4-42E496AAA0BB}.Debug|iPhone.Build.0 = Debug|Any CPU
		{9E32823A-5ABC-4338-9CC4-42E496AAA0BB}.Release|iPhone.ActiveCfg = Release|Any CPU
		{9E32823A-5ABC-4338-9CC4-42E496AAA0BB}.Release|iPhone.Build.0 = Release|Any CPU
	EndGlobalSection
EndGlobal
